summary: flock(1) locks files
git-url: https://github.com/discoteq/flock
src-url: https://github.com/discoteq/flock/releases/download/v0.4.0/flock-0.4.0.tar.xz
src-sha: 01bbd497d168e9b7306f06794c57602da0f61ebd463a3210d63c1d8a0513c5cc
license: ISC
bsystem: autotools
dopatch: sedInPlace 's|%1u|%1ld|' src/flock.c
